
Microsoft Visual Studio Solution File, Format Version 12.00
# Visual Studio Version 17
VisualStudioVersion = 17.4.33205.214
MinimumVisualStudioVersion = 10.0.40219.1
Project("{9A19103F-16F7-4668-BE54-9A1E7A4F7556}") = "DrugLordManager", "DrugLordManager\DrugLordManager.csproj", "{6F31FEE2-2B10-4E53-B377-AD6FF22C34F8}"
EndProject
Project("{FAE04EC0-301F-11D3-BF4B-00C04F79EFBC}") = "Launcher", "Launcher\Launcher.csproj", "{8A623BEE-E123-43A2-B7ED-65B12C6CF6F9}"
EndProject
Global
	GlobalSection(SolutionConfigurationPlatforms) = preSolution
		Debug|Any CPU = Debug|Any CPU
		Release|Any CPU = Release|Any CPU
	EndGlobalSection
	GlobalSection(ProjectConfigurationPlatforms) = postSolution
		{6F31FEE2-2B10-4E53-B377-AD6FF22C34F8}.Debug|Any CPU.ActiveCfg = Debug|Any CPU
		{6F31FEE2-2B10-4E53-B377-AD6FF22C34F8}.Debug|Any CPU.Build.0 = Debug|Any CPU
		{6F31FEE2-2B10-4E53-B377-AD6FF22C34F8}.Release|Any CPU.ActiveCfg = Release|Any CPU
		{6F31FEE2-2B10-4E53-B377-AD6FF22C34F8}.Release|Any CPU.Build.0 = Release|Any CPU
		{8A623BEE-E123-43A2-B7ED-65B12C6CF6F9}.Debug|Any CPU.ActiveCfg = Debug|Any CPU
		{8A623BEE-E123-43A2-B7ED-65B12C6CF6F9}.Debug|Any CPU.Build.0 = Debug|Any CPU
		{8A623BEE-E123-43A2-B7ED-65B12C6CF6F9}.Release|Any CPU.ActiveCfg = Release|Any CPU
		{8A623BEE-E123-43A2-B7ED-65B12C6CF6F9}.Release|Any CPU.Build.0 = Release|Any CPU
	EndGlobalSection
	GlobalSection(SolutionProperties) = preSolution
		HideSolutionNode = FALSE
	EndGlobalSection
	GlobalSection(ExtensibilityGlobals) = postSolution
		SolutionGuid = {EFC40C32-20E9-4A68-8DCC-7B7B9424171D}
	EndGlobalSection
EndGlobal
